
Microsoft Visual Studio Solution File, Format Version 12.00
# Visual Studio Version 16
VisualStudioVersion = 16.0.34031.81
MinimumVisualStudioVersion = 10.0.40219.1
Project("{888888A0-9F3D-457C-B088-3A5042F75D52}") = "HelloPython", "HelloPython.pyproj", "{A991A439-7CA7-4EBE-A87A-37CF02A5A62C}"
EndProject
Global
	GlobalSection(SolutionConfigurationPlatforms) = preSolution
		Debug|Any CPU = Debug|Any CPU
		Release|Any CPU = Release|Any CPU
	EndGlobalSection
	GlobalSection(ProjectConfigurationPlatforms) = postSolution
		{A991A439-7CA7-4EBE-A87A-37CF02A5A62C}.Debug|Any CPU.ActiveCfg = Debug|Any CPU
		{A991A439-7CA7-4EBE-A87A-37CF02A5A62C}.Debug|Any CPU.Build.0 = Debug|Any CPU
		{A991A439-7CA7-4EBE-A87A-37CF02A5A62C}.Release|Any CPU.ActiveCfg = Release|Any CPU
		{A991A439-7CA7-4EBE-A87A-37CF02A5A62C}.Release|Any CPU.Build.0 = Release|Any CPU
	EndGlobalSection
	GlobalSection(SolutionProperties) = preSolution
		HideSolutionNode = FALSE
	EndGlobalSection
	GlobalSection(ExtensibilityGlobals) = postSolution
		SolutionGuid = {E30C8EAD-E18A-4757-BCD0-415DE722505A}
	EndGlobalSection
EndGlobal
